
Microsoft Visual Studio Solution File, Format Version 12.00
# Visual Studio Version 16
VisualStudioVersion = 16.0.31129.286
MinimumVisualStudioVersion = 10.0.40219.1
Project("{FAE04EC0-301F-11D3-BF4B-00C04F79EFBC}") = "SecondTask", "SecondTask\SecondTask.csproj", "{68A9DEA6-B6B2-4CCB-8368-C04E3A309A17}"
EndProject
Global
	GlobalSection(SolutionConfigurationPlatforms) = preSolution
		Debug|Any CPU = Debug|Any CPU
		Release|Any CPU = Release|Any CPU
	EndGlobalSection
	GlobalSection(ProjectConfigurationPlatforms) = postSolution
		{68A9DEA6-B6B2-4CCB-8368-C04E3A309A17}.Debug|Any CPU.ActiveCfg = Debug|Any CPU
		{68A9DEA6-B6B2-4CCB-8368-C04E3A309A17}.Debug|Any CPU.Build.0 = Debug|Any CPU
		{68A9DEA6-B6B2-4CCB-8368-C04E3A309A17}.Release|Any CPU.ActiveCfg = Release|Any CPU
		{68A9DEA6-B6B2-4CCB-8368-C04E3A309A17}.Release|Any CPU.Build.0 = Release|Any CPU
	EndGlobalSection
	GlobalSection(SolutionProperties) = preSolution
		HideSolutionNode = FALSE
	EndGlobalSection
	GlobalSection(ExtensibilityGlobals) = postSolution
		SolutionGuid = {E090674C-27BD-4D37-86EC-8A3AC6C92815}
	EndGlobalSection
EndGlobal
